
Microsoft Visual Studio Solution File, Format Version 12.00
# Visual Studio Version 16
VisualStudioVersion = 16.0.31105.61
MinimumVisualStudioVersion = 10.0.40219.1
Project("{FAE04EC0-301F-11D3-BF4B-00C04F79EFBC}") = "Student Information", "Student Information\Student Information.csproj", "{DF0FBBEF-A242-431C-801C-C4CD852C96CC}"
EndProject
Global
	GlobalSection(SolutionConfigurationPlatforms) = preSolution
		Debug|Any CPU = Debug|Any CPU
		Release|Any CPU = Release|Any CPU
	EndGlobalSection
	GlobalSection(ProjectConfigurationPlatforms) = postSolution
		{DF0FBBEF-A242-431C-801C-C4CD852C96CC}.Debug|Any CPU.ActiveCfg = Debug|Any CPU
		{DF0FBBEF-A242-431C-801C-C4CD852C96CC}.Debug|Any CPU.Build.0 = Debug|Any CPU
		{DF0FBBEF-A242-431C-801C-C4CD852C96CC}.Release|Any CPU.ActiveCfg = Release|Any CPU
		{DF0FBBEF-A242-431C-801C-C4CD852C96CC}.Release|Any CPU.Build.0 = Release|Any CPU
	EndGlobalSection
	GlobalSection(SolutionProperties) = preSolution
		HideSolutionNode = FALSE
	EndGlobalSection
	GlobalSection(ExtensibilityGlobals) = postSolution
		SolutionGuid = {23AE39E1-B73C-42F1-8D57-CCFFEFA1B590}
	EndGlobalSection
EndGlobal
